
Microsoft Visual Studio Solution File, Format Version 12.00
# Visual Studio 2012
Project("{FAE04EC0-301F-11D3-BF4B-00C04F79EFBC}") = "Bootstrap_razor", "Bootstrap_razor\Bootstrap_razor.csproj", "{4C16938C-FF4F-4D4D-89DA-B2E50D3E7B18}"
EndProject
Global
	GlobalSection(SolutionConfigurationPlatforms) = preSolution
		Debug|Any CPU = Debug|Any CPU
		Release|Any CPU = Release|Any CPU
	EndGlobalSection
	GlobalSection(ProjectConfigurationPlatforms) = postSolution
		{4C16938C-FF4F-4D4D-89DA-B2E50D3E7B18}.Debug|Any CPU.ActiveCfg = Debug|Any CPU
		{4C16938C-FF4F-4D4D-89DA-B2E50D3E7B18}.Debug|Any CPU.Build.0 = Debug|Any CPU
		{4C16938C-FF4F-4D4D-89DA-B2E50D3E7B18}.Release|Any CPU.ActiveCfg = Release|Any CPU
		{4C16938C-FF4F-4D4D-89DA-B2E50D3E7B18}.Release|Any CPU.Build.0 = Release|Any CPU
	EndGlobalSection
	GlobalSection(SolutionProperties) = preSolution
		HideSolutionNode = FALSE
	EndGlobalSection
EndGlobal
